{
  "name": "ankixparlaibackend",
  "lockfileVersion": 3,
  "requires": true,
  "packages": {
    "": {
      "dependencies": {
        "@openrouter/sdk": "^0.3.12"
      }
    },
    "node_modules/@openrouter/sdk": {
      "version": "0.3.12",
      "resolved": "https://registry.npmjs.org/@openrouter/sdk/-/sdk-0.3.12.tgz",
      "integrity": "sha512-jwWpNyfeBLzHos2TqLIYp574jEkBSb/M46zY4uIJtlfept/3Rni7l6UQAHRqL8gPVdQCmYBaDL6NXR6uJZ0QiA==",
      "license": "Apache-2.0",
      "dependencies": {
        "zod": "^3.25.0 || ^4.0.0"
      }
    },
    "node_modules/zod": {
      "version": "4.3.5",
      "resolved": "https://registry.npmjs.org/zod/-/zod-4.3.5.tgz",
      "integrity": "sha512-k7Nwx6vuWx1IJ9Bjuf4Zt1PEllcwe7cls3VNzm4CQ1/hgtFUK2bRNG3rvnpPUhFjmqJKAKtjV576KnUkHocg/g==",
      "license": "MIT",
      "funding": {
        "url": "https://github.com/sponsors/colinhacks"
      }
    }
  }
}
